schema: '2.0'
stages:
  prepare:
    cmd: python src/data/make_dataset.py
    deps:
    - path: data/raw_data
      hash: md5
      md5: 4fee02825bf323e25c57a59d0e94d596.dir
      size: 333765
      nfiles: 2
    - path: src/data/make_dataset.py
      hash: md5
      md5: 9da2556a6a8bc5a954d0f0ae2fb590e2
      size: 642
    outs:
    - path: data/processed_data
      hash: md5
      md5: 29046786a0a6295059aa2845c07d3496.dir
      size: 295687
      nfiles: 4
