schema: '2.0'
stages:
  prepare:
    cmd: python src/data/make_dataset.py
    deps:
    - path: data/raw_data
      hash: md5
      md5: 41dee78430cbebe25be9986bbb599d4a.dir
      size: 333757
      nfiles: 1
    - path: src/data/make_dataset.py
      hash: md5
      md5: 211d9ea327fbfb24f64c99de7d70079c
      size: 632
    outs:
    - path: data/processed_data
      hash: md5
      md5: 29046786a0a6295059aa2845c07d3496.dir
      size: 295687
      nfiles: 4
  scale:
    cmd: python src/data/scaler.py
    deps:
    - path: data/processed_data
      hash: md5
      md5: 29046786a0a6295059aa2845c07d3496.dir
      size: 295687
      nfiles: 4
    - path: src/data/scaler.py
      hash: md5
      md5: 068b797679fa3ed80aebf5974333b5bc
      size: 610
    outs:
    - path: data/scaled_data
      hash: md5
      md5: c7ea3df323b6bd31100cc30253811ceb.dir
      size: 116544
      nfiles: 2
  gridsearchcv:
    cmd: python src/models/gridsearch.py
    deps:
    - path: data/processed_data
      hash: md5
      md5: 29046786a0a6295059aa2845c07d3496.dir
      size: 295687
      nfiles: 4
    - path: data/scaled_data
      hash: md5
      md5: c7ea3df323b6bd31100cc30253811ceb.dir
      size: 116544
      nfiles: 2
    - path: src/models/gridsearch.py
      hash: md5
      md5: 16908fee10c78d76806c2ee0da50a8d8
      size: 918
    outs:
    - path: models/best_params.pkl
      hash: md5
      md5: 18ed6b1fb075fd058f4669c1ce3c7720
      size: 93
  train:
    cmd: python src/models/train.py
    deps:
    - path: data/processed_data
      hash: md5
      md5: 29046786a0a6295059aa2845c07d3496.dir
      size: 295687
      nfiles: 4
    - path: data/scaled_data
      hash: md5
      md5: c7ea3df323b6bd31100cc30253811ceb.dir
      size: 116544
      nfiles: 2
    - path: src/models/train.py
      hash: md5
      md5: c164c719a68f09b165d48a184117cdd5
      size: 601
    outs:
    - path: models/trained_model.joblib
      hash: md5
      md5: 517352b11edd5a1a8f0027ea99cf3df2
      size: 330073
  eval:
    cmd: python src/models/eval.py
    deps:
    - path: data/processed_data
      hash: md5
      md5: 29046786a0a6295059aa2845c07d3496.dir
      size: 295687
      nfiles: 4
    - path: data/scaled_data
      hash: md5
      md5: c7ea3df323b6bd31100cc30253811ceb.dir
      size: 116544
      nfiles: 2
    - path: src/models/eval.py
      hash: md5
      md5: 54897d68a90196764348e7a0e1b06658
      size: 836
    outs:
    - path: metrics/scores.json
      hash: md5
      md5: 77c5b9ccc2f4edb253ae202f939ff276
      size: 87
